Microsoft Visual Studio Solution File, Format Version 8.00
Project("{FAE04EC0-301F-11D3-BF4B-00C04F79EFBC}") = "OGen_config", "OGen_config\OGen_config-7.1.csproj", "{F59063BE-4135-4A4F-ACBD-5129AB83A4EC}"
	ProjectSection(ProjectDependencies) = postProject
	EndProjectSection
EndProject
Project("{FAE04EC0-301F-11D3-BF4B-00C04F79EFBC}") = "OGen_datalayer", "OGen_datalayer\OGen_datalayer-7.1.csproj", "{4AE20414-478E-4859-849E-929741A5936C}"
	ProjectSection(ProjectDependencies) = postProject
	EndProjectSection
EndProject
Project("{FAE04EC0-301F-11D3-BF4B-00C04F79EFBC}") = "OGen_collections", "OGen_collections\OGen_collections-7.1.csproj", "{A6E837F8-780F-4D05-B3ED-2FF1906B5766}"
	ProjectSection(ProjectDependencies) = postProject
	EndProjectSection
EndProject
Project("{FAE04EC0-301F-11D3-BF4B-00C04F79EFBC}") = "OGen_collections_UTs", "OGen_collections_UTs\OGen_collections_UTs-7.1.csproj", "{67566F92-0B16-47AF-912E-22FED2ECA819}"
	ProjectSection(ProjectDependencies) = postProject
	EndProjectSection
EndProject
Project("{FAE04EC0-301F-11D3-BF4B-00C04F79EFBC}") = "OGen_datalayer_UTs", "OGen_datalayer_UTs\OGen_datalayer_UTs-7.1.csproj", "{46D90ABA-A5C9-4730-A585-8D91EFC7B398}"
	ProjectSection(ProjectDependencies) = postProject
	EndProjectSection
EndProject
Project("{FAE04EC0-301F-11D3-BF4B-00C04F79EFBC}") = "OGen_webforms", "OGen_webforms\OGen_webforms-7.1.csproj", "{196FD9A0-3C2F-4B84-BDFF-0DADC2A03791}"
	ProjectSection(ProjectDependencies) = postProject
	EndProjectSection
EndProject
Project("{FAE04EC0-301F-11D3-BF4B-00C04F79EFBC}") = "OGen_templates", "OGen_templates\OGen_templates-7.1.csproj", "{8377EF00-063B-451A-8408-FE2F8EAD5C32}"
	ProjectSection(ProjectDependencies) = postProject
	EndProjectSection
EndProject
Project("{FAE04EC0-301F-11D3-BF4B-00C04F79EFBC}") = "OGen_generator", "OGen_generator\OGen_generator-7.1.csproj", "{668ACF34-6104-4DD9-BB8A-65D9D94B0BB6}"
	ProjectSection(ProjectDependencies) = postProject
	EndProjectSection
EndProject
Project("{FAE04EC0-301F-11D3-BF4B-00C04F79EFBC}") = "OGen_winforms", "OGen_winforms\OGen_winforms-7.1.csproj", "{B3835B3F-C899-416F-BA94-625A4B32A4AC}"
	ProjectSection(ProjectDependencies) = postProject
	EndProjectSection
EndProject
Project("{FAE04EC0-301F-11D3-BF4B-00C04F79EFBC}") = "OGen_parser", "OGen_parser\OGen_parser-7.1.csproj", "{981BC7DE-D93C-446E-861E-60A20E4E3391}"
	ProjectSection(ProjectDependencies) = postProject
	EndProjectSection
EndProject
Project("{FAE04EC0-301F-11D3-BF4B-00C04F79EFBC}") = "OGen_config_UTs", "OGen_config_UTs\OGen_config_UTs-7.1.csproj", "{E7913B59-B92D-40D9-A82E-0B38A68472D7}"
	ProjectSection(ProjectDependencies) = postProject
	EndProjectSection
EndProject
Project("{FAE04EC0-301F-11D3-BF4B-00C04F79EFBC}") = "OGen_webforms_UTs", "OGen_webforms_UTs\OGen_webforms_UTs-7.1.csproj", "{73D08732-CC2D-432D-BF9D-AA669059446A}"
	ProjectSection(ProjectDependencies) = postProject
	EndProjectSection
EndProject
Project("{FAE04EC0-301F-11D3-BF4B-00C04F79EFBC}") = "OGen_winforms_UTs", "OGen_winforms_UTs\OGen_winforms_UTs-7.1.csproj", "{78AF375C-E64E-49D0-AD35-24447821F7CD}"
	ProjectSection(ProjectDependencies) = postProject
	EndProjectSection
EndProject
Project("{FAE04EC0-301F-11D3-BF4B-00C04F79EFBC}") = "OGen_parser_UTs", "OGen_parser_UTs\OGen_parser_UTs-7.1.csproj", "{41D123D7-BA39-4661-8285-8FE17E89AB33}"
	ProjectSection(ProjectDependencies) = postProject
	EndProjectSection
EndProject
Global
	GlobalSection(SolutionConfiguration) = preSolution
		Debug = Debug
		Release = Release
	EndGlobalSection
	GlobalSection(ProjectConfiguration) = postSolution
		{F59063BE-4135-4A4F-ACBD-5129AB83A4EC}.Debug.ActiveCfg = Debug|.NET
		{F59063BE-4135-4A4F-ACBD-5129AB83A4EC}.Debug.Build.0 = Debug|.NET
		{F59063BE-4135-4A4F-ACBD-5129AB83A4EC}.Release.ActiveCfg = Release|.NET
		{F59063BE-4135-4A4F-ACBD-5129AB83A4EC}.Release.Build.0 = Release|.NET
		{4AE20414-478E-4859-849E-929741A5936C}.Debug.ActiveCfg = Debug|.NET
		{4AE20414-478E-4859-849E-929741A5936C}.Debug.Build.0 = Debug|.NET
		{4AE20414-478E-4859-849E-929741A5936C}.Release.ActiveCfg = Release|.NET
		{4AE20414-478E-4859-849E-929741A5936C}.Release.Build.0 = Release|.NET
		{A6E837F8-780F-4D05-B3ED-2FF1906B5766}.Debug.ActiveCfg = Debug|.NET
		{A6E837F8-780F-4D05-B3ED-2FF1906B5766}.Debug.Build.0 = Debug|.NET
		{A6E837F8-780F-4D05-B3ED-2FF1906B5766}.Release.ActiveCfg = Release|.NET
		{A6E837F8-780F-4D05-B3ED-2FF1906B5766}.Release.Build.0 = Release|.NET
		{67566F92-0B16-47AF-912E-22FED2ECA819}.Debug.ActiveCfg = Debug|.NET
		{67566F92-0B16-47AF-912E-22FED2ECA819}.Debug.Build.0 = Debug|.NET
		{67566F92-0B16-47AF-912E-22FED2ECA819}.Release.ActiveCfg = Release|.NET
		{67566F92-0B16-47AF-912E-22FED2ECA819}.Release.Build.0 = Release|.NET
		{46D90ABA-A5C9-4730-A585-8D91EFC7B398}.Debug.ActiveCfg = Debug|.NET
		{46D90ABA-A5C9-4730-A585-8D91EFC7B398}.Debug.Build.0 = Debug|.NET
		{46D90ABA-A5C9-4730-A585-8D91EFC7B398}.Release.ActiveCfg = Release|.NET
		{46D90ABA-A5C9-4730-A585-8D91EFC7B398}.Release.Build.0 = Release|.NET
		{196FD9A0-3C2F-4B84-BDFF-0DADC2A03791}.Debug.ActiveCfg = Debug|.NET
		{196FD9A0-3C2F-4B84-BDFF-0DADC2A03791}.Debug.Build.0 = Debug|.NET
		{196FD9A0-3C2F-4B84-BDFF-0DADC2A03791}.Release.ActiveCfg = Release|.NET
		{196FD9A0-3C2F-4B84-BDFF-0DADC2A03791}.Release.Build.0 = Release|.NET
		{8377EF00-063B-451A-8408-FE2F8EAD5C32}.Debug.ActiveCfg = Debug|.NET
		{8377EF00-063B-451A-8408-FE2F8EAD5C32}.Debug.Build.0 = Debug|.NET
		{8377EF00-063B-451A-8408-FE2F8EAD5C32}.Release.ActiveCfg = Release|.NET
		{8377EF00-063B-451A-8408-FE2F8EAD5C32}.Release.Build.0 = Release|.NET
		{668ACF34-6104-4DD9-BB8A-65D9D94B0BB6}.Debug.ActiveCfg = Debug|.NET
		{668ACF34-6104-4DD9-BB8A-65D9D94B0BB6}.Debug.Build.0 = Debug|.NET
		{668ACF34-6104-4DD9-BB8A-65D9D94B0BB6}.Release.ActiveCfg = Release|.NET
		{668ACF34-6104-4DD9-BB8A-65D9D94B0BB6}.Release.Build.0 = Release|.NET
		{B3835B3F-C899-416F-BA94-625A4B32A4AC}.Debug.ActiveCfg = Debug|.NET
		{B3835B3F-C899-416F-BA94-625A4B32A4AC}.Debug.Build.0 = Debug|.NET
		{B3835B3F-C899-416F-BA94-625A4B32A4AC}.Release.ActiveCfg = Release|.NET
		{B3835B3F-C899-416F-BA94-625A4B32A4AC}.Release.Build.0 = Release|.NET
		{981BC7DE-D93C-446E-861E-60A20E4E3391}.Debug.ActiveCfg = Debug|.NET
		{981BC7DE-D93C-446E-861E-60A20E4E3391}.Debug.Build.0 = Debug|.NET
		{981BC7DE-D93C-446E-861E-60A20E4E3391}.Release.ActiveCfg = Release|.NET
		{981BC7DE-D93C-446E-861E-60A20E4E3391}.Release.Build.0 = Release|.NET
		{E7913B59-B92D-40D9-A82E-0B38A68472D7}.Debug.ActiveCfg = Debug|.NET
		{E7913B59-B92D-40D9-A82E-0B38A68472D7}.Debug.Build.0 = Debug|.NET
		{E7913B59-B92D-40D9-A82E-0B38A68472D7}.Release.ActiveCfg = Release|.NET
		{E7913B59-B92D-40D9-A82E-0B38A68472D7}.Release.Build.0 = Release|.NET
		{73D08732-CC2D-432D-BF9D-AA669059446A}.Debug.ActiveCfg = Debug|.NET
		{73D08732-CC2D-432D-BF9D-AA669059446A}.Debug.Build.0 = Debug|.NET
		{73D08732-CC2D-432D-BF9D-AA669059446A}.Release.ActiveCfg = Release|.NET
		{73D08732-CC2D-432D-BF9D-AA669059446A}.Release.Build.0 = Release|.NET
		{78AF375C-E64E-49D0-AD35-24447821F7CD}.Debug.ActiveCfg = Debug|.NET
		{78AF375C-E64E-49D0-AD35-24447821F7CD}.Debug.Build.0 = Debug|.NET
		{78AF375C-E64E-49D0-AD35-24447821F7CD}.Release.ActiveCfg = Release|.NET
		{78AF375C-E64E-49D0-AD35-24447821F7CD}.Release.Build.0 = Release|.NET
		{41D123D7-BA39-4661-8285-8FE17E89AB33}.Debug.ActiveCfg = Debug|.NET
		{41D123D7-BA39-4661-8285-8FE17E89AB33}.Debug.Build.0 = Debug|.NET
		{41D123D7-BA39-4661-8285-8FE17E89AB33}.Release.ActiveCfg = Release|.NET
		{41D123D7-BA39-4661-8285-8FE17E89AB33}.Release.Build.0 = Release|.NET
	EndGlobalSection
	GlobalSection(ExtensibilityGlobals) = postSolution
	EndGlobalSection
	GlobalSection(ExtensibilityAddIns) = postSolution
	EndGlobalSection
EndGlobal
