
Microsoft Visual Studio Solution File, Format Version 9.00
# Visual Studio 2005
# SharpDevelop 2.2.1.2648
Project("{FAE04EC0-301F-11D3-BF4B-00C04F79EFBC}") = "OGen-NTier_UTs_datalayer", "OGen-NTier_UTs_datalayer\OGen-NTier_UTs_datalayer-8.csproj", "{2C45EF1A-75BE-4B12-A232-62DEB5662239}"
EndProject
Project("{FAE04EC0-301F-11D3-BF4B-00C04F79EFBC}") = "OGen-NTier_UTs_datalayer_UTs", "OGen-NTier_UTs_datalayer_UTs\OGen-NTier_UTs_datalayer_UTs-8.csproj", "{4F18877D-A981-426B-8A09-5EDF95E9AE2B}"
EndProject
Project("{FAE04EC0-301F-11D3-BF4B-00C04F79EFBC}") = "OGen-NTier_UTs_businesslayer", "OGen-NTier_UTs_businesslayer\OGen-NTier_UTs_businesslayer-8.csproj", "{B3555514-3A7D-4159-B05D-E8D0C265B649}"
EndProject
Project("{FAE04EC0-301F-11D3-BF4B-00C04F79EFBC}") = "OGen-NTier_UTs_businesslayer_UTs", "OGen-NTier_UTs_businesslayer_UTs\OGen-NTier_UTs_businesslayer_UTs-8.csproj", "{980912F1-6877-4BD1-A2E0-61D366839C52}"
EndProject
Project("{FAE04EC0-301F-11D3-BF4B-00C04F79EFBC}") = "OGen-NTier_UTs_test", "OGen-NTier_UTs_test\OGen-NTier_UTs_test-8.csproj", "{2E2A748F-E72A-4B23-9011-F7AE725AB330}"
EndProject
Global
	GlobalSection(SolutionConfigurationPlatforms) = preSolution
		Debug|Any CPU = Debug|Any CPU
		Release|Any CPU = Release|Any CPU
	EndGlobalSection
	GlobalSection(ProjectConfigurationPlatforms) = postSolution
		{2C45EF1A-75BE-4B12-A232-62DEB5662239}.Debug|Any CPU.ActiveCfg = Debug|Any CPU
		{2C45EF1A-75BE-4B12-A232-62DEB5662239}.Debug|Any CPU.Build.0 = Debug|Any CPU
		{2C45EF1A-75BE-4B12-A232-62DEB5662239}.Release|Any CPU.ActiveCfg = Release|Any CPU
		{2C45EF1A-75BE-4B12-A232-62DEB5662239}.Release|Any CPU.Build.0 = Release|Any CPU
		{4F18877D-A981-426B-8A09-5EDF95E9AE2B}.Debug|Any CPU.ActiveCfg = Debug|Any CPU
		{4F18877D-A981-426B-8A09-5EDF95E9AE2B}.Debug|Any CPU.Build.0 = Debug|Any CPU
		{4F18877D-A981-426B-8A09-5EDF95E9AE2B}.Release|Any CPU.ActiveCfg = Release|Any CPU
		{4F18877D-A981-426B-8A09-5EDF95E9AE2B}.Release|Any CPU.Build.0 = Release|Any CPU
		{B3555514-3A7D-4159-B05D-E8D0C265B649}.Debug|Any CPU.ActiveCfg = Debug|Any CPU
		{B3555514-3A7D-4159-B05D-E8D0C265B649}.Debug|Any CPU.Build.0 = Debug|Any CPU
		{B3555514-3A7D-4159-B05D-E8D0C265B649}.Release|Any CPU.ActiveCfg = Release|Any CPU
		{B3555514-3A7D-4159-B05D-E8D0C265B649}.Release|Any CPU.Build.0 = Release|Any CPU
		{980912F1-6877-4BD1-A2E0-61D366839C52}.Debug|Any CPU.ActiveCfg = Debug|Any CPU
		{980912F1-6877-4BD1-A2E0-61D366839C52}.Debug|Any CPU.Build.0 = Debug|Any CPU
		{980912F1-6877-4BD1-A2E0-61D366839C52}.Release|Any CPU.ActiveCfg = Release|Any CPU
		{980912F1-6877-4BD1-A2E0-61D366839C52}.Release|Any CPU.Build.0 = Release|Any CPU
		{2E2A748F-E72A-4B23-9011-F7AE725AB330}.Debug|Any CPU.ActiveCfg = Debug|Any CPU
		{2E2A748F-E72A-4B23-9011-F7AE725AB330}.Debug|Any CPU.Build.0 = Debug|Any CPU
		{2E2A748F-E72A-4B23-9011-F7AE725AB330}.Release|Any CPU.ActiveCfg = Release|Any CPU
		{2E2A748F-E72A-4B23-9011-F7AE725AB330}.Release|Any CPU.Build.0 = Release|Any CPU
	EndGlobalSection
	GlobalSection(SolutionProperties) = preSolution
		HideSolutionNode = FALSE
	EndGlobalSection
EndGlobal
