
Microsoft Visual Studio Solution File, Format Version 10.00
# Visual Studio 2008
Project("{FAE04EC0-301F-11D3-BF4B-00C04F79EFBC}") = "SpreadsheetXML-Console-9", "SpreadsheetXML-Console\SpreadsheetXML-Console-9.csproj", "{0B245CBE-7DF0-424A-A7A7-6BD904262F11}"
EndProject
Project("{FAE04EC0-301F-11D3-BF4B-00C04F79EFBC}") = "SpreadsheetXML_metadata-9", "SpreadsheetXML_metadata\SpreadsheetXML_metadata-9.csproj", "{4F32A87A-8C41-4FEA-B683-4E6310E04CCF}"
EndProject
Project("{FAE04EC0-301F-11D3-BF4B-00C04F79EFBC}") = "OGen_generator-9", "..\OGen\OGen_generator\OGen_generator-9.csproj", "{668ACF34-6104-4DD9-BB8A-65D9D94B0BB6}"
EndProject
Project("{FAE04EC0-301F-11D3-BF4B-00C04F79EFBC}") = "OGen_parser-9", "..\OGen\OGen_parser\OGen_parser-9.csproj", "{981BC7DE-D93C-446E-861E-60A20E4E3391}"
EndProject
Project("{FAE04EC0-301F-11D3-BF4B-00C04F79EFBC}") = "OGen_collections-9", "..\OGen\OGen_collections\OGen_collections-9.csproj", "{A6E837F8-780F-4D05-B3ED-2FF1906B5766}"
EndProject
Project("{FAE04EC0-301F-11D3-BF4B-00C04F79EFBC}") = "OGen_datalayer__base-9", "..\OGen\OGen_datalayer__base\OGen_datalayer__base-9.csproj", "{D66D0E69-852C-4695-9D63-C9AB1A959E0B}"
EndProject
Project("{FAE04EC0-301F-11D3-BF4B-00C04F79EFBC}") = "OGen_datalayer_MySQL-9", "..\OGen\OGen_datalayer_MySQL\OGen_datalayer_MySQL-9.csproj", "{8F5F21DB-FED4-46A9-9E7E-B50B678D12B2}"
EndProject
Project("{FAE04EC0-301F-11D3-BF4B-00C04F79EFBC}") = "OGen_datalayer_PostgreSQL-9", "..\OGen\OGen_datalayer_PostgreSQL\OGen_datalayer_PostgreSQL-9.csproj", "{07D7D1E0-A4F9-45C3-8100-FC60AC3BF8FA}"
EndProject
Project("{FAE04EC0-301F-11D3-BF4B-00C04F79EFBC}") = "OGen_datalayer_SQLServer-9", "..\OGen\OGen_datalayer_SQLServer\OGen_datalayer_SQLServer-9.csproj", "{F26C7DB4-A67C-48A9-8B20-873EE8CFA5E7}"
EndProject
Project("{FAE04EC0-301F-11D3-BF4B-00C04F79EFBC}") = "OGen_datalayersupport-9", "..\OGen\OGen_datalayersupport\OGen_datalayersupport-9.csproj", "{88D87481-CC3F-49C7-A013-758387F3452E}"
EndProject
Project("{FAE04EC0-301F-11D3-BF4B-00C04F79EFBC}") = "OGen_webforms-9", "..\OGen\OGen_webforms\OGen_webforms-9.csproj", "{196FD9A0-3C2F-4B84-BDFF-0DADC2A03791}"
EndProject
Global
	GlobalSection(SolutionConfigurationPlatforms) = preSolution
		Debug|Any CPU = Debug|Any CPU
		Release|Any CPU = Release|Any CPU
	EndGlobalSection
	GlobalSection(ProjectConfigurationPlatforms) = postSolution
		{0B245CBE-7DF0-424A-A7A7-6BD904262F11}.Debug|Any CPU.ActiveCfg = Debug|Any CPU
		{0B245CBE-7DF0-424A-A7A7-6BD904262F11}.Debug|Any CPU.Build.0 = Debug|Any CPU
		{0B245CBE-7DF0-424A-A7A7-6BD904262F11}.Release|Any CPU.ActiveCfg = Release|Any CPU
		{0B245CBE-7DF0-424A-A7A7-6BD904262F11}.Release|Any CPU.Build.0 = Release|Any CPU
		{4F32A87A-8C41-4FEA-B683-4E6310E04CCF}.Debug|Any CPU.ActiveCfg = Debug|Any CPU
		{4F32A87A-8C41-4FEA-B683-4E6310E04CCF}.Debug|Any CPU.Build.0 = Debug|Any CPU
		{4F32A87A-8C41-4FEA-B683-4E6310E04CCF}.Release|Any CPU.ActiveCfg = Release|Any CPU
		{4F32A87A-8C41-4FEA-B683-4E6310E04CCF}.Release|Any CPU.Build.0 = Release|Any CPU
		{668ACF34-6104-4DD9-BB8A-65D9D94B0BB6}.Debug|Any CPU.ActiveCfg = Debug|Any CPU
		{668ACF34-6104-4DD9-BB8A-65D9D94B0BB6}.Debug|Any CPU.Build.0 = Debug|Any CPU
		{668ACF34-6104-4DD9-BB8A-65D9D94B0BB6}.Release|Any CPU.ActiveCfg = Release|Any CPU
		{668ACF34-6104-4DD9-BB8A-65D9D94B0BB6}.Release|Any CPU.Build.0 = Release|Any CPU
		{981BC7DE-D93C-446E-861E-60A20E4E3391}.Debug|Any CPU.ActiveCfg = Debug|Any CPU
		{981BC7DE-D93C-446E-861E-60A20E4E3391}.Debug|Any CPU.Build.0 = Debug|Any CPU
		{981BC7DE-D93C-446E-861E-60A20E4E3391}.Release|Any CPU.ActiveCfg = Release|Any CPU
		{981BC7DE-D93C-446E-861E-60A20E4E3391}.Release|Any CPU.Build.0 = Release|Any CPU
		{A6E837F8-780F-4D05-B3ED-2FF1906B5766}.Debug|Any CPU.ActiveCfg = Debug|Any CPU
		{A6E837F8-780F-4D05-B3ED-2FF1906B5766}.Debug|Any CPU.Build.0 = Debug|Any CPU
		{A6E837F8-780F-4D05-B3ED-2FF1906B5766}.Release|Any CPU.ActiveCfg = Release|Any CPU
		{A6E837F8-780F-4D05-B3ED-2FF1906B5766}.Release|Any CPU.Build.0 = Release|Any CPU
		{D66D0E69-852C-4695-9D63-C9AB1A959E0B}.Debug|Any CPU.ActiveCfg = Debug|Any CPU
		{D66D0E69-852C-4695-9D63-C9AB1A959E0B}.Debug|Any CPU.Build.0 = Debug|Any CPU
		{D66D0E69-852C-4695-9D63-C9AB1A959E0B}.Release|Any CPU.ActiveCfg = Release|Any CPU
		{D66D0E69-852C-4695-9D63-C9AB1A959E0B}.Release|Any CPU.Build.0 = Release|Any CPU
		{8F5F21DB-FED4-46A9-9E7E-B50B678D12B2}.Debug|Any CPU.ActiveCfg = Debug|Any CPU
		{8F5F21DB-FED4-46A9-9E7E-B50B678D12B2}.Debug|Any CPU.Build.0 = Debug|Any CPU
		{8F5F21DB-FED4-46A9-9E7E-B50B678D12B2}.Release|Any CPU.ActiveCfg = Release|Any CPU
		{8F5F21DB-FED4-46A9-9E7E-B50B678D12B2}.Release|Any CPU.Build.0 = Release|Any CPU
		{07D7D1E0-A4F9-45C3-8100-FC60AC3BF8FA}.Debug|Any CPU.ActiveCfg = Debug|Any CPU
		{07D7D1E0-A4F9-45C3-8100-FC60AC3BF8FA}.Debug|Any CPU.Build.0 = Debug|Any CPU
		{07D7D1E0-A4F9-45C3-8100-FC60AC3BF8FA}.Release|Any CPU.ActiveCfg = Release|Any CPU
		{07D7D1E0-A4F9-45C3-8100-FC60AC3BF8FA}.Release|Any CPU.Build.0 = Release|Any CPU
		{F26C7DB4-A67C-48A9-8B20-873EE8CFA5E7}.Debug|Any CPU.ActiveCfg = Debug|Any CPU
		{F26C7DB4-A67C-48A9-8B20-873EE8CFA5E7}.Debug|Any CPU.Build.0 = Debug|Any CPU
		{F26C7DB4-A67C-48A9-8B20-873EE8CFA5E7}.Release|Any CPU.ActiveCfg = Release|Any CPU
		{F26C7DB4-A67C-48A9-8B20-873EE8CFA5E7}.Release|Any CPU.Build.0 = Release|Any CPU
		{88D87481-CC3F-49C7-A013-758387F3452E}.Debug|Any CPU.ActiveCfg = Debug|Any CPU
		{88D87481-CC3F-49C7-A013-758387F3452E}.Debug|Any CPU.Build.0 = Debug|Any CPU
		{88D87481-CC3F-49C7-A013-758387F3452E}.Release|Any CPU.ActiveCfg = Release|Any CPU
		{88D87481-CC3F-49C7-A013-758387F3452E}.Release|Any CPU.Build.0 = Release|Any CPU
		{196FD9A0-3C2F-4B84-BDFF-0DADC2A03791}.Debug|Any CPU.ActiveCfg = Debug|Any CPU
		{196FD9A0-3C2F-4B84-BDFF-0DADC2A03791}.Debug|Any CPU.Build.0 = Debug|Any CPU
		{196FD9A0-3C2F-4B84-BDFF-0DADC2A03791}.Release|Any CPU.ActiveCfg = Release|Any CPU
		{196FD9A0-3C2F-4B84-BDFF-0DADC2A03791}.Release|Any CPU.Build.0 = Release|Any CPU
	EndGlobalSection
	GlobalSection(SolutionProperties) = preSolution
		HideSolutionNode = FALSE
	EndGlobalSection
EndGlobal
