Microsoft Visual Studio Solution File, Format Version 8.00
Project("{FAE04EC0-301F-11D3-BF4B-00C04F79EFBC}") = "XSD_generator-7.1", "XSD_generator\XSD_generator-7.1.csproj", "{0BBA95D0-6789-4938-8E1E-80E6F6572497}"
	ProjectSection(ProjectDependencies) = postProject
	EndProjectSection
EndProject
Project("{FAE04EC0-301F-11D3-BF4B-00C04F79EFBC}") = "XSD_metadata-7.1", "XSD_metadata\XSD_metadata-7.1.csproj", "{56DDA30D-0205-4162-82C4-BEA6635DA9CD}"
	ProjectSection(ProjectDependencies) = postProject
	EndProjectSection
EndProject
Project("{FAE04EC0-301F-11D3-BF4B-00C04F79EFBC}") = "XSD_templates-7.1", "XSD_templates\XSD_templates-7.1.csproj", "{C2FBF380-923D-4D33-9AAF-1294BCA095E1}"
	ProjectSection(ProjectDependencies) = postProject
	EndProjectSection
EndProject
Project("{FAE04EC0-301F-11D3-BF4B-00C04F79EFBC}") = "XSD-console-7.1", "XSD-console\XSD-console-7.1.csproj", "{2E199B79-28FC-4B2A-9D44-737CD304E7F1}"
	ProjectSection(ProjectDependencies) = postProject
	EndProjectSection
EndProject
Project("{FAE04EC0-301F-11D3-BF4B-00C04F79EFBC}") = "XSD-Test-7.1", "XSD-Test\XSD-Test-7.1.csproj", "{09010549-34CB-428F-BEB9-DAF1C8B63046}"
	ProjectSection(ProjectDependencies) = postProject
	EndProjectSection
EndProject
Project("{FAE04EC0-301F-11D3-BF4B-00C04F79EFBC}") = "OGen_collections-7.1", "..\OGen\OGen_collections\OGen_collections-7.1.csproj", "{A6E837F8-780F-4D05-B3ED-2FF1906B5766}"
	ProjectSection(ProjectDependencies) = postProject
	EndProjectSection
EndProject
Project("{FAE04EC0-301F-11D3-BF4B-00C04F79EFBC}") = "OGen_datalayer__base-7.1", "..\OGen\OGen_datalayer__base\OGen_datalayer__base-7.1.csproj", "{0BE6274C-5536-4690-9597-8FCD8459C2A3}"
	ProjectSection(ProjectDependencies) = postProject
	EndProjectSection
EndProject
Project("{FAE04EC0-301F-11D3-BF4B-00C04F79EFBC}") = "OGen_datalayer_PostgreSQL-7.1", "..\OGen\OGen_datalayer_PostgreSQL\OGen_datalayer_PostgreSQL-7.1.csproj", "{2BBB8F6D-B85C-4939-B781-5768DE287455}"
	ProjectSection(ProjectDependencies) = postProject
	EndProjectSection
EndProject
Project("{FAE04EC0-301F-11D3-BF4B-00C04F79EFBC}") = "OGen_datalayer_SQLServer-7.1", "..\OGen\OGen_datalayer_SQLServer\OGen_datalayer_SQLServer-7.1.csproj", "{1B07A59E-56C1-49C5-B3A5-C6B5EED72F5D}"
	ProjectSection(ProjectDependencies) = postProject
	EndProjectSection
EndProject
Project("{FAE04EC0-301F-11D3-BF4B-00C04F79EFBC}") = "OGen_datalayersupport-7.1", "..\OGen\OGen_datalayersupport\OGen_datalayersupport-7.1.csproj", "{C982B439-F21D-469A-8077-F01D29B6C003}"
	ProjectSection(ProjectDependencies) = postProject
	EndProjectSection
EndProject
Project("{FAE04EC0-301F-11D3-BF4B-00C04F79EFBC}") = "OGen_generator-7.1", "..\OGen\OGen_generator\OGen_generator-7.1.csproj", "{668ACF34-6104-4DD9-BB8A-65D9D94B0BB6}"
	ProjectSection(ProjectDependencies) = postProject
	EndProjectSection
EndProject
Project("{FAE04EC0-301F-11D3-BF4B-00C04F79EFBC}") = "OGen_webforms-7.1", "..\OGen\OGen_webforms\OGen_webforms-7.1.csproj", "{196FD9A0-3C2F-4B84-BDFF-0DADC2A03791}"
	ProjectSection(ProjectDependencies) = postProject
	EndProjectSection
EndProject
Project("{FAE04EC0-301F-11D3-BF4B-00C04F79EFBC}") = "OGen_parser-7.1", "..\OGen\OGen_parser\OGen_parser-7.1.csproj", "{981BC7DE-D93C-446E-861E-60A20E4E3391}"
	ProjectSection(ProjectDependencies) = postProject
	EndProjectSection
EndProject
Project("{FAE04EC0-301F-11D3-BF4B-00C04F79EFBC}") = "OGen_winforms-7.1", "..\OGen\OGen_winforms\OGen_winforms-7.1.csproj", "{B3835B3F-C899-416F-BA94-625A4B32A4AC}"
	ProjectSection(ProjectDependencies) = postProject
	EndProjectSection
EndProject
Global
	GlobalSection(SolutionConfiguration) = preSolution
		Debug = Debug
		Release = Release
	EndGlobalSection
	GlobalSection(ProjectConfiguration) = postSolution
		{0BBA95D0-6789-4938-8E1E-80E6F6572497}.Debug.ActiveCfg = Debug|.NET
		{0BBA95D0-6789-4938-8E1E-80E6F6572497}.Debug.Build.0 = Debug|.NET
		{0BBA95D0-6789-4938-8E1E-80E6F6572497}.Release.ActiveCfg = Release|.NET
		{0BBA95D0-6789-4938-8E1E-80E6F6572497}.Release.Build.0 = Release|.NET
		{56DDA30D-0205-4162-82C4-BEA6635DA9CD}.Debug.ActiveCfg = Debug|.NET
		{56DDA30D-0205-4162-82C4-BEA6635DA9CD}.Debug.Build.0 = Debug|.NET
		{56DDA30D-0205-4162-82C4-BEA6635DA9CD}.Release.ActiveCfg = Release|.NET
		{56DDA30D-0205-4162-82C4-BEA6635DA9CD}.Release.Build.0 = Release|.NET
		{C2FBF380-923D-4D33-9AAF-1294BCA095E1}.Debug.ActiveCfg = Debug|.NET
		{C2FBF380-923D-4D33-9AAF-1294BCA095E1}.Debug.Build.0 = Debug|.NET
		{C2FBF380-923D-4D33-9AAF-1294BCA095E1}.Release.ActiveCfg = Release|.NET
		{C2FBF380-923D-4D33-9AAF-1294BCA095E1}.Release.Build.0 = Release|.NET
		{2E199B79-28FC-4B2A-9D44-737CD304E7F1}.Debug.ActiveCfg = Debug|.NET
		{2E199B79-28FC-4B2A-9D44-737CD304E7F1}.Debug.Build.0 = Debug|.NET
		{2E199B79-28FC-4B2A-9D44-737CD304E7F1}.Release.ActiveCfg = Release|.NET
		{2E199B79-28FC-4B2A-9D44-737CD304E7F1}.Release.Build.0 = Release|.NET
		{09010549-34CB-428F-BEB9-DAF1C8B63046}.Debug.ActiveCfg = Debug|.NET
		{09010549-34CB-428F-BEB9-DAF1C8B63046}.Debug.Build.0 = Debug|.NET
		{09010549-34CB-428F-BEB9-DAF1C8B63046}.Release.ActiveCfg = Release|.NET
		{09010549-34CB-428F-BEB9-DAF1C8B63046}.Release.Build.0 = Release|.NET
		{A6E837F8-780F-4D05-B3ED-2FF1906B5766}.Debug.ActiveCfg = Debug|.NET
		{A6E837F8-780F-4D05-B3ED-2FF1906B5766}.Debug.Build.0 = Debug|.NET
		{A6E837F8-780F-4D05-B3ED-2FF1906B5766}.Release.ActiveCfg = Release|.NET
		{A6E837F8-780F-4D05-B3ED-2FF1906B5766}.Release.Build.0 = Release|.NET
		{0BE6274C-5536-4690-9597-8FCD8459C2A3}.Debug.ActiveCfg = Debug|.NET
		{0BE6274C-5536-4690-9597-8FCD8459C2A3}.Debug.Build.0 = Debug|.NET
		{0BE6274C-5536-4690-9597-8FCD8459C2A3}.Release.ActiveCfg = Release|.NET
		{0BE6274C-5536-4690-9597-8FCD8459C2A3}.Release.Build.0 = Release|.NET
		{2BBB8F6D-B85C-4939-B781-5768DE287455}.Debug.ActiveCfg = Debug|.NET
		{2BBB8F6D-B85C-4939-B781-5768DE287455}.Debug.Build.0 = Debug|.NET
		{2BBB8F6D-B85C-4939-B781-5768DE287455}.Release.ActiveCfg = Release|.NET
		{2BBB8F6D-B85C-4939-B781-5768DE287455}.Release.Build.0 = Release|.NET
		{1B07A59E-56C1-49C5-B3A5-C6B5EED72F5D}.Debug.ActiveCfg = Debug|.NET
		{1B07A59E-56C1-49C5-B3A5-C6B5EED72F5D}.Debug.Build.0 = Debug|.NET
		{1B07A59E-56C1-49C5-B3A5-C6B5EED72F5D}.Release.ActiveCfg = Release|.NET
		{1B07A59E-56C1-49C5-B3A5-C6B5EED72F5D}.Release.Build.0 = Release|.NET
		{C982B439-F21D-469A-8077-F01D29B6C003}.Debug.ActiveCfg = Debug|.NET
		{C982B439-F21D-469A-8077-F01D29B6C003}.Debug.Build.0 = Debug|.NET
		{C982B439-F21D-469A-8077-F01D29B6C003}.Release.ActiveCfg = Release|.NET
		{C982B439-F21D-469A-8077-F01D29B6C003}.Release.Build.0 = Release|.NET
		{668ACF34-6104-4DD9-BB8A-65D9D94B0BB6}.Debug.ActiveCfg = Debug|.NET
		{668ACF34-6104-4DD9-BB8A-65D9D94B0BB6}.Debug.Build.0 = Debug|.NET
		{668ACF34-6104-4DD9-BB8A-65D9D94B0BB6}.Release.ActiveCfg = Release|.NET
		{668ACF34-6104-4DD9-BB8A-65D9D94B0BB6}.Release.Build.0 = Release|.NET
		{196FD9A0-3C2F-4B84-BDFF-0DADC2A03791}.Debug.ActiveCfg = Debug|.NET
		{196FD9A0-3C2F-4B84-BDFF-0DADC2A03791}.Debug.Build.0 = Debug|.NET
		{196FD9A0-3C2F-4B84-BDFF-0DADC2A03791}.Release.ActiveCfg = Release|.NET
		{196FD9A0-3C2F-4B84-BDFF-0DADC2A03791}.Release.Build.0 = Release|.NET
		{981BC7DE-D93C-446E-861E-60A20E4E3391}.Debug.ActiveCfg = Debug|.NET
		{981BC7DE-D93C-446E-861E-60A20E4E3391}.Debug.Build.0 = Debug|.NET
		{981BC7DE-D93C-446E-861E-60A20E4E3391}.Release.ActiveCfg = Release|.NET
		{981BC7DE-D93C-446E-861E-60A20E4E3391}.Release.Build.0 = Release|.NET
		{B3835B3F-C899-416F-BA94-625A4B32A4AC}.Debug.ActiveCfg = Debug|.NET
		{B3835B3F-C899-416F-BA94-625A4B32A4AC}.Debug.Build.0 = Debug|.NET
		{B3835B3F-C899-416F-BA94-625A4B32A4AC}.Release.ActiveCfg = Release|.NET
		{B3835B3F-C899-416F-BA94-625A4B32A4AC}.Release.Build.0 = Release|.NET
	EndGlobalSection
	GlobalSection(ExtensibilityGlobals) = postSolution
	EndGlobalSection
	GlobalSection(ExtensibilityAddIns) = postSolution
	EndGlobalSection
EndGlobal
