
Microsoft Visual Studio Solution File, Format Version 9.00
# Visual Studio 2005
Project("{FAE04EC0-301F-11D3-BF4B-00C04F79EFBC}") = "NTier_generator-8", "..\OGen-NTier\NTier_generator\NTier_generator-8.csproj", "{BC9835E7-8878-479D-BC0F-909FA77344DD}"
EndProject
Project("{FAE04EC0-301F-11D3-BF4B-00C04F79EFBC}") = "OGen_collections-8", "..\OGen\OGen_collections\OGen_collections-8.csproj", "{A6E837F8-780F-4D05-B3ED-2FF1906B5766}"
EndProject
Project("{FAE04EC0-301F-11D3-BF4B-00C04F79EFBC}") = "OGen_datalayer__base-8", "..\OGen\OGen_datalayer__base\OGen_datalayer__base-8.csproj", "{D66D0E69-852C-4695-9D63-C9AB1A959E0B}"
EndProject
Project("{FAE04EC0-301F-11D3-BF4B-00C04F79EFBC}") = "OGen_datalayer_PostgreSQL-8", "..\OGen\OGen_datalayer_PostgreSQL\OGen_datalayer_PostgreSQL-8.csproj", "{07D7D1E0-A4F9-45C3-8100-FC60AC3BF8FA}"
EndProject
Project("{FAE04EC0-301F-11D3-BF4B-00C04F79EFBC}") = "OGen_datalayer_SQLServer-8", "..\OGen\OGen_datalayer_SQLServer\OGen_datalayer_SQLServer-8.csproj", "{F26C7DB4-A67C-48A9-8B20-873EE8CFA5E7}"
EndProject
Project("{FAE04EC0-301F-11D3-BF4B-00C04F79EFBC}") = "OGen_datalayer_MySQL-8", "..\OGen\OGen_datalayer_MySQL\OGen_datalayer_MySQL-8.csproj", "{8F5F21DB-FED4-46A9-9E7E-B50B678D12B2}"
EndProject
Project("{FAE04EC0-301F-11D3-BF4B-00C04F79EFBC}") = "OGen_generator-8", "..\OGen\OGen_generator\OGen_generator-8.csproj", "{668ACF34-6104-4DD9-BB8A-65D9D94B0BB6}"
EndProject
Project("{FAE04EC0-301F-11D3-BF4B-00C04F79EFBC}") = "OGen_webforms-8", "..\OGen\OGen_webforms\OGen_webforms-8.csproj", "{196FD9A0-3C2F-4B84-BDFF-0DADC2A03791}"
EndProject
Project("{FAE04EC0-301F-11D3-BF4B-00C04F79EFBC}") = "NTier_datalayer-8", "..\OGen-NTier\NTier_datalayer\NTier_datalayer-8.csproj", "{38BEF535-92F1-4C55-9CEA-8F8D3E82CAFD}"
EndProject
Project("{FAE04EC0-301F-11D3-BF4B-00C04F79EFBC}") = "NTier_businesslayer-8", "..\OGen-NTier\NTier_businesslayer\NTier_businesslayer-8.csproj", "{8AEBEA64-6FC4-430C-922C-B88D105AE91C}"
EndProject
Project("{FAE04EC0-301F-11D3-BF4B-00C04F79EFBC}") = "NTier_templates-8", "..\OGen-NTier\NTier_templates\NTier_templates-8.csproj", "{D5FDB433-994F-404C-B535-FB90B005B6B8}"
EndProject
Project("{FAE04EC0-301F-11D3-BF4B-00C04F79EFBC}") = "NTier-8", "..\OGen-NTier\NTier\NTier-8.csproj", "{37C5F3D1-D158-4E05-BB2D-CD32553FB993}"
EndProject
Project("{FAE04EC0-301F-11D3-BF4B-00C04F79EFBC}") = "NTier-console-8", "..\OGen-NTier\NTier-console\NTier-console-8.csproj", "{E853AF0F-1F72-4B4E-946F-2E9C4661C903}"
EndProject
Project("{FAE04EC0-301F-11D3-BF4B-00C04F79EFBC}") = "OGen_winforms-8", "..\OGen\OGen_winforms\OGen_winforms-8.csproj", "{B3835B3F-C899-416F-BA94-625A4B32A4AC}"
EndProject
Project("{FAE04EC0-301F-11D3-BF4B-00C04F79EFBC}") = "NTier_metadata-8", "..\OGen-NTier\NTier_metadata\NTier_metadata-8.csproj", "{0E77A4DB-AF8B-4290-BB33-F9EC97655433}"
EndProject
Project("{FAE04EC0-301F-11D3-BF4B-00C04F79EFBC}") = "OGen_parser-8", "..\OGen\OGen_parser\OGen_parser-8.csproj", "{981BC7DE-D93C-446E-861E-60A20E4E3391}"
EndProject
Project("{FAE04EC0-301F-11D3-BF4B-00C04F79EFBC}") = "Doc_generator-8", "..\OGen-Doc\Doc_generator\Doc_generator-8.csproj", "{0D8CBBD6-841B-4A03-9733-8AFE3B4D5C86}"
EndProject
Project("{FAE04EC0-301F-11D3-BF4B-00C04F79EFBC}") = "Doc_metadata-8", "..\OGen-Doc\Doc_metadata\Doc_metadata-8.csproj", "{9DF6791A-1771-4EB6-8FEB-7F54AC2D9078}"
EndProject
Project("{FAE04EC0-301F-11D3-BF4B-00C04F79EFBC}") = "Doc_templates-8", "..\OGen-Doc\Doc_templates\Doc_templates-8.csproj", "{82FA3D98-C5E7-42EC-A117-21C14D117EFD}"
EndProject
Project("{FAE04EC0-301F-11D3-BF4B-00C04F79EFBC}") = "Doc-console-8", "..\OGen-Doc\Doc-console\Doc-console-8.csproj", "{D4BA7561-1BEB-403C-933C-AE740D4889BE}"
EndProject
Project("{FAE04EC0-301F-11D3-BF4B-00C04F79EFBC}") = "OGen_datalayersupport-8", "..\OGen\OGen_datalayersupport\OGen_datalayersupport-8.csproj", "{88D87481-CC3F-49C7-A013-758387F3452E}"
EndProject
Project("{FAE04EC0-301F-11D3-BF4B-00C04F79EFBC}") = "XSD_metadata-8", "..\OGen-XSD\XSD_metadata\XSD_metadata-8.csproj", "{4DF3D49D-AE3E-47F9-A33F-EB335D7B418E}"
EndProject
Project("{FAE04EC0-301F-11D3-BF4B-00C04F79EFBC}") = "XSD_generator-8", "..\OGen-XSD\XSD_generator\XSD_generator-8.csproj", "{8FBFD76E-FD3D-415C-B046-EFC947BE4259}"
EndProject
Project("{FAE04EC0-301F-11D3-BF4B-00C04F79EFBC}") = "XSD_templates-8", "..\OGen-XSD\XSD_templates\XSD_templates-8.csproj", "{327AF732-DFFD-488F-85C7-92B23D03BD34}"
EndProject
Project("{FAE04EC0-301F-11D3-BF4B-00C04F79EFBC}") = "XSD-console-8", "..\OGen-XSD\XSD-console\XSD-console-8.csproj", "{B716D6F2-D45A-49A0-BEFA-D5A206303304}"
EndProject
Project("{FAE04EC0-301F-11D3-BF4B-00C04F79EFBC}") = "NTier_distributedlayer_webservices_client-8", "..\OGen-NTier\NTier_distributedlayer_webservices_client\NTier_distributedlayer_webservices_client-8.csproj", "{7A52E316-CA44-4710-AF93-CC495DE77F6C}"
EndProject
Global
	GlobalSection(SolutionConfigurationPlatforms) = preSolution
		Debug|Any CPU = Debug|Any CPU
		Release|Any CPU = Release|Any CPU
	EndGlobalSection
	GlobalSection(ProjectConfigurationPlatforms) = postSolution
		{BC9835E7-8878-479D-BC0F-909FA77344DD}.Debug|Any CPU.ActiveCfg = Debug|Any CPU
		{BC9835E7-8878-479D-BC0F-909FA77344DD}.Debug|Any CPU.Build.0 = Debug|Any CPU
		{BC9835E7-8878-479D-BC0F-909FA77344DD}.Release|Any CPU.ActiveCfg = Release|Any CPU
		{BC9835E7-8878-479D-BC0F-909FA77344DD}.Release|Any CPU.Build.0 = Release|Any CPU
		{A6E837F8-780F-4D05-B3ED-2FF1906B5766}.Debug|Any CPU.ActiveCfg = Debug|Any CPU
		{A6E837F8-780F-4D05-B3ED-2FF1906B5766}.Debug|Any CPU.Build.0 = Debug|Any CPU
		{A6E837F8-780F-4D05-B3ED-2FF1906B5766}.Release|Any CPU.ActiveCfg = Release|Any CPU
		{A6E837F8-780F-4D05-B3ED-2FF1906B5766}.Release|Any CPU.Build.0 = Release|Any CPU
		{D66D0E69-852C-4695-9D63-C9AB1A959E0B}.Debug|Any CPU.ActiveCfg = Debug|Any CPU
		{D66D0E69-852C-4695-9D63-C9AB1A959E0B}.Debug|Any CPU.Build.0 = Debug|Any CPU
		{D66D0E69-852C-4695-9D63-C9AB1A959E0B}.Release|Any CPU.ActiveCfg = Release|Any CPU
		{D66D0E69-852C-4695-9D63-C9AB1A959E0B}.Release|Any CPU.Build.0 = Release|Any CPU
		{07D7D1E0-A4F9-45C3-8100-FC60AC3BF8FA}.Debug|Any CPU.ActiveCfg = Debug|Any CPU
		{07D7D1E0-A4F9-45C3-8100-FC60AC3BF8FA}.Debug|Any CPU.Build.0 = Debug|Any CPU
		{07D7D1E0-A4F9-45C3-8100-FC60AC3BF8FA}.Release|Any CPU.ActiveCfg = Release|Any CPU
		{07D7D1E0-A4F9-45C3-8100-FC60AC3BF8FA}.Release|Any CPU.Build.0 = Release|Any CPU
		{F26C7DB4-A67C-48A9-8B20-873EE8CFA5E7}.Debug|Any CPU.ActiveCfg = Debug|Any CPU
		{F26C7DB4-A67C-48A9-8B20-873EE8CFA5E7}.Debug|Any CPU.Build.0 = Debug|Any CPU
		{F26C7DB4-A67C-48A9-8B20-873EE8CFA5E7}.Release|Any CPU.ActiveCfg = Release|Any CPU
		{F26C7DB4-A67C-48A9-8B20-873EE8CFA5E7}.Release|Any CPU.Build.0 = Release|Any CPU
		{8F5F21DB-FED4-46A9-9E7E-B50B678D12B2}.Debug|Any CPU.ActiveCfg = Debug|Any CPU
		{8F5F21DB-FED4-46A9-9E7E-B50B678D12B2}.Debug|Any CPU.Build.0 = Debug|Any CPU
		{8F5F21DB-FED4-46A9-9E7E-B50B678D12B2}.Release|Any CPU.ActiveCfg = Release|Any CPU
		{8F5F21DB-FED4-46A9-9E7E-B50B678D12B2}.Release|Any CPU.Build.0 = Release|Any CPU
		{668ACF34-6104-4DD9-BB8A-65D9D94B0BB6}.Debug|Any CPU.ActiveCfg = Debug|Any CPU
		{668ACF34-6104-4DD9-BB8A-65D9D94B0BB6}.Debug|Any CPU.Build.0 = Debug|Any CPU
		{668ACF34-6104-4DD9-BB8A-65D9D94B0BB6}.Release|Any CPU.ActiveCfg = Release|Any CPU
		{668ACF34-6104-4DD9-BB8A-65D9D94B0BB6}.Release|Any CPU.Build.0 = Release|Any CPU
		{196FD9A0-3C2F-4B84-BDFF-0DADC2A03791}.Debug|Any CPU.ActiveCfg = Debug|Any CPU
		{196FD9A0-3C2F-4B84-BDFF-0DADC2A03791}.Debug|Any CPU.Build.0 = Debug|Any CPU
		{196FD9A0-3C2F-4B84-BDFF-0DADC2A03791}.Release|Any CPU.ActiveCfg = Release|Any CPU
		{196FD9A0-3C2F-4B84-BDFF-0DADC2A03791}.Release|Any CPU.Build.0 = Release|Any CPU
		{38BEF535-92F1-4C55-9CEA-8F8D3E82CAFD}.Debug|Any CPU.ActiveCfg = Debug|Any CPU
		{38BEF535-92F1-4C55-9CEA-8F8D3E82CAFD}.Debug|Any CPU.Build.0 = Debug|Any CPU
		{38BEF535-92F1-4C55-9CEA-8F8D3E82CAFD}.Release|Any CPU.ActiveCfg = Release|Any CPU
		{38BEF535-92F1-4C55-9CEA-8F8D3E82CAFD}.Release|Any CPU.Build.0 = Release|Any CPU
		{8AEBEA64-6FC4-430C-922C-B88D105AE91C}.Debug|Any CPU.ActiveCfg = Debug|Any CPU
		{8AEBEA64-6FC4-430C-922C-B88D105AE91C}.Debug|Any CPU.Build.0 = Debug|Any CPU
		{8AEBEA64-6FC4-430C-922C-B88D105AE91C}.Release|Any CPU.ActiveCfg = Release|Any CPU
		{8AEBEA64-6FC4-430C-922C-B88D105AE91C}.Release|Any CPU.Build.0 = Release|Any CPU
		{D5FDB433-994F-404C-B535-FB90B005B6B8}.Debug|Any CPU.ActiveCfg = Debug|Any CPU
		{D5FDB433-994F-404C-B535-FB90B005B6B8}.Debug|Any CPU.Build.0 = Debug|Any CPU
		{D5FDB433-994F-404C-B535-FB90B005B6B8}.Release|Any CPU.ActiveCfg = Release|Any CPU
		{D5FDB433-994F-404C-B535-FB90B005B6B8}.Release|Any CPU.Build.0 = Release|Any CPU
		{37C5F3D1-D158-4E05-BB2D-CD32553FB993}.Debug|Any CPU.ActiveCfg = Debug|Any CPU
		{37C5F3D1-D158-4E05-BB2D-CD32553FB993}.Debug|Any CPU.Build.0 = Debug|Any CPU
		{37C5F3D1-D158-4E05-BB2D-CD32553FB993}.Release|Any CPU.ActiveCfg = Release|Any CPU
		{37C5F3D1-D158-4E05-BB2D-CD32553FB993}.Release|Any CPU.Build.0 = Release|Any CPU
		{E853AF0F-1F72-4B4E-946F-2E9C4661C903}.Debug|Any CPU.ActiveCfg = Debug|Any CPU
		{E853AF0F-1F72-4B4E-946F-2E9C4661C903}.Debug|Any CPU.Build.0 = Debug|Any CPU
		{E853AF0F-1F72-4B4E-946F-2E9C4661C903}.Release|Any CPU.ActiveCfg = Release|Any CPU
		{E853AF0F-1F72-4B4E-946F-2E9C4661C903}.Release|Any CPU.Build.0 = Release|Any CPU
		{B3835B3F-C899-416F-BA94-625A4B32A4AC}.Debug|Any CPU.ActiveCfg = Debug|Any CPU
		{B3835B3F-C899-416F-BA94-625A4B32A4AC}.Debug|Any CPU.Build.0 = Debug|Any CPU
		{B3835B3F-C899-416F-BA94-625A4B32A4AC}.Release|Any CPU.ActiveCfg = Release|Any CPU
		{B3835B3F-C899-416F-BA94-625A4B32A4AC}.Release|Any CPU.Build.0 = Release|Any CPU
		{0E77A4DB-AF8B-4290-BB33-F9EC97655433}.Debug|Any CPU.ActiveCfg = Debug|Any CPU
		{0E77A4DB-AF8B-4290-BB33-F9EC97655433}.Debug|Any CPU.Build.0 = Debug|Any CPU
		{0E77A4DB-AF8B-4290-BB33-F9EC97655433}.Release|Any CPU.ActiveCfg = Release|Any CPU
		{0E77A4DB-AF8B-4290-BB33-F9EC97655433}.Release|Any CPU.Build.0 = Release|Any CPU
		{981BC7DE-D93C-446E-861E-60A20E4E3391}.Debug|Any CPU.ActiveCfg = Debug|Any CPU
		{981BC7DE-D93C-446E-861E-60A20E4E3391}.Debug|Any CPU.Build.0 = Debug|Any CPU
		{981BC7DE-D93C-446E-861E-60A20E4E3391}.Release|Any CPU.ActiveCfg = Release|Any CPU
		{981BC7DE-D93C-446E-861E-60A20E4E3391}.Release|Any CPU.Build.0 = Release|Any CPU
		{0D8CBBD6-841B-4A03-9733-8AFE3B4D5C86}.Debug|Any CPU.ActiveCfg = Debug|Any CPU
		{0D8CBBD6-841B-4A03-9733-8AFE3B4D5C86}.Debug|Any CPU.Build.0 = Debug|Any CPU
		{0D8CBBD6-841B-4A03-9733-8AFE3B4D5C86}.Release|Any CPU.ActiveCfg = Release|Any CPU
		{0D8CBBD6-841B-4A03-9733-8AFE3B4D5C86}.Release|Any CPU.Build.0 = Release|Any CPU
		{9DF6791A-1771-4EB6-8FEB-7F54AC2D9078}.Debug|Any CPU.ActiveCfg = Debug|Any CPU
		{9DF6791A-1771-4EB6-8FEB-7F54AC2D9078}.Debug|Any CPU.Build.0 = Debug|Any CPU
		{9DF6791A-1771-4EB6-8FEB-7F54AC2D9078}.Release|Any CPU.ActiveCfg = Release|Any CPU
		{9DF6791A-1771-4EB6-8FEB-7F54AC2D9078}.Release|Any CPU.Build.0 = Release|Any CPU
		{82FA3D98-C5E7-42EC-A117-21C14D117EFD}.Debug|Any CPU.ActiveCfg = Debug|Any CPU
		{82FA3D98-C5E7-42EC-A117-21C14D117EFD}.Debug|Any CPU.Build.0 = Debug|Any CPU
		{82FA3D98-C5E7-42EC-A117-21C14D117EFD}.Release|Any CPU.ActiveCfg = Release|Any CPU
		{82FA3D98-C5E7-42EC-A117-21C14D117EFD}.Release|Any CPU.Build.0 = Release|Any CPU
		{D4BA7561-1BEB-403C-933C-AE740D4889BE}.Debug|Any CPU.ActiveCfg = Debug|Any CPU
		{D4BA7561-1BEB-403C-933C-AE740D4889BE}.Debug|Any CPU.Build.0 = Debug|Any CPU
		{D4BA7561-1BEB-403C-933C-AE740D4889BE}.Release|Any CPU.ActiveCfg = Release|Any CPU
		{D4BA7561-1BEB-403C-933C-AE740D4889BE}.Release|Any CPU.Build.0 = Release|Any CPU
		{88D87481-CC3F-49C7-A013-758387F3452E}.Debug|Any CPU.ActiveCfg = Debug|Any CPU
		{88D87481-CC3F-49C7-A013-758387F3452E}.Debug|Any CPU.Build.0 = Debug|Any CPU
		{88D87481-CC3F-49C7-A013-758387F3452E}.Release|Any CPU.ActiveCfg = Release|Any CPU
		{88D87481-CC3F-49C7-A013-758387F3452E}.Release|Any CPU.Build.0 = Release|Any CPU
		{4DF3D49D-AE3E-47F9-A33F-EB335D7B418E}.Debug|Any CPU.ActiveCfg = Debug|Any CPU
		{4DF3D49D-AE3E-47F9-A33F-EB335D7B418E}.Debug|Any CPU.Build.0 = Debug|Any CPU
		{4DF3D49D-AE3E-47F9-A33F-EB335D7B418E}.Release|Any CPU.ActiveCfg = Release|Any CPU
		{4DF3D49D-AE3E-47F9-A33F-EB335D7B418E}.Release|Any CPU.Build.0 = Release|Any CPU
		{8FBFD76E-FD3D-415C-B046-EFC947BE4259}.Debug|Any CPU.ActiveCfg = Debug|Any CPU
		{8FBFD76E-FD3D-415C-B046-EFC947BE4259}.Debug|Any CPU.Build.0 = Debug|Any CPU
		{8FBFD76E-FD3D-415C-B046-EFC947BE4259}.Release|Any CPU.ActiveCfg = Release|Any CPU
		{8FBFD76E-FD3D-415C-B046-EFC947BE4259}.Release|Any CPU.Build.0 = Release|Any CPU
		{327AF732-DFFD-488F-85C7-92B23D03BD34}.Debug|Any CPU.ActiveCfg = Debug|Any CPU
		{327AF732-DFFD-488F-85C7-92B23D03BD34}.Debug|Any CPU.Build.0 = Debug|Any CPU
		{327AF732-DFFD-488F-85C7-92B23D03BD34}.Release|Any CPU.ActiveCfg = Release|Any CPU
		{327AF732-DFFD-488F-85C7-92B23D03BD34}.Release|Any CPU.Build.0 = Release|Any CPU
		{B716D6F2-D45A-49A0-BEFA-D5A206303304}.Debug|Any CPU.ActiveCfg = Debug|Any CPU
		{B716D6F2-D45A-49A0-BEFA-D5A206303304}.Debug|Any CPU.Build.0 = Debug|Any CPU
		{B716D6F2-D45A-49A0-BEFA-D5A206303304}.Release|Any CPU.ActiveCfg = Release|Any CPU
		{B716D6F2-D45A-49A0-BEFA-D5A206303304}.Release|Any CPU.Build.0 = Release|Any CPU
		{7A52E316-CA44-4710-AF93-CC495DE77F6C}.Debug|Any CPU.ActiveCfg = Debug|Any CPU
		{7A52E316-CA44-4710-AF93-CC495DE77F6C}.Debug|Any CPU.Build.0 = Debug|Any CPU
		{7A52E316-CA44-4710-AF93-CC495DE77F6C}.Release|Any CPU.ActiveCfg = Release|Any CPU
		{7A52E316-CA44-4710-AF93-CC495DE77F6C}.Release|Any CPU.Build.0 = Release|Any CPU
	EndGlobalSection
	GlobalSection(SolutionProperties) = preSolution
		HideSolutionNode = FALSE
	EndGlobalSection
EndGlobal
